
Microsoft Visual Studio Solution File, Format Version 12.00
# Visual Studio 2013
VisualStudioVersion = 12.0.31101.0
MinimumVisualStudioVersion = 10.0.40219.1
Project("{FAE04EC0-301F-11D3-BF4B-00C04F79EFBC}") = "SynthTree", "SynthTree\SynthTree.csproj", "{CC8B6614-B5A2-4062-A43F-7EC776ACAFC4}"
	ProjectSection(ProjectDependencies) = postProject
		{BF15B656-A4B5-4AA7-99AB-39E47ACE6708} = {BF15B656-A4B5-4AA7-99AB-39E47ACE6708}
	EndProjectSection
EndProject
Project("{FAE04EC0-301F-11D3-BF4B-00C04F79EFBC}") = "AudioLib", "AudioLib\AudioLib.csproj", "{BF15B656-A4B5-4AA7-99AB-39E47ACE6708}"
EndProject
Project("{FAE04EC0-301F-11D3-BF4B-00C04F79EFBC}") = "ConsoleGA", "ConsoleGA\ConsoleGA.csproj", "{613163B4-B9D6-4875-9CBE-9B46F21D7312}"
EndProject
Global
	GlobalSection(SolutionConfigurationPlatforms) = preSolution
		Debug|Any CPU = Debug|Any CPU
		Release|Any CPU = Release|Any CPU
	EndGlobalSection
	GlobalSection(ProjectConfigurationPlatforms) = postSolution
		{CC8B6614-B5A2-4062-A43F-7EC776ACAFC4}.Debug|Any CPU.ActiveCfg = Debug|Any CPU
		{CC8B6614-B5A2-4062-A43F-7EC776ACAFC4}.Debug|Any CPU.Build.0 = Debug|Any CPU
		{CC8B6614-B5A2-4062-A43F-7EC776ACAFC4}.Release|Any CPU.ActiveCfg = Release|Any CPU
		{CC8B6614-B5A2-4062-A43F-7EC776ACAFC4}.Release|Any CPU.Build.0 = Release|Any CPU
		{BF15B656-A4B5-4AA7-99AB-39E47ACE6708}.Debug|Any CPU.ActiveCfg = Debug|Any CPU
		{BF15B656-A4B5-4AA7-99AB-39E47ACE6708}.Debug|Any CPU.Build.0 = Debug|Any CPU
		{BF15B656-A4B5-4AA7-99AB-39E47ACE6708}.Release|Any CPU.ActiveCfg = Release|Any CPU
		{BF15B656-A4B5-4AA7-99AB-39E47ACE6708}.Release|Any CPU.Build.0 = Release|Any CPU
		{613163B4-B9D6-4875-9CBE-9B46F21D7312}.Debug|Any CPU.ActiveCfg = Debug|Any CPU
		{613163B4-B9D6-4875-9CBE-9B46F21D7312}.Debug|Any CPU.Build.0 = Debug|Any CPU
		{613163B4-B9D6-4875-9CBE-9B46F21D7312}.Release|Any CPU.ActiveCfg = Release|Any CPU
		{613163B4-B9D6-4875-9CBE-9B46F21D7312}.Release|Any CPU.Build.0 = Release|Any CPU
	EndGlobalSection
	GlobalSection(SolutionProperties) = preSolution
		HideSolutionNode = FALSE
	EndGlobalSection
	GlobalSection(Performance) = preSolution
		HasPerformanceSessions = true
	EndGlobalSection
EndGlobal
